// !$*UTF8*$!
{
	archiveVersion = 1;
	classes = {
	};
	objectVersion = 56;
	objects = {

/* Begin PBXBuildFile section */
		266E9904292B91A90043CFB1 /* BreakingBadApp.swift in Sources */ = {isa = PBXBuildFile; fileRef = 266E9903292B91A90043CFB1 /* BreakingBadApp.swift */; };
		266E9906292B91A90043CFB1 /* CharactersView.swift in Sources */ = {isa = PBXBuildFile; fileRef = 266E9905292B91A90043CFB1 /* CharactersView.swift */; };
		266E9908292B91A90043CFB1 /* Assets.xcassets in Resources */ = {isa = PBXBuildFile; fileRef = 266E9907292B91A90043CFB1 /* Assets.xcassets */; };
		266E990C292B91A90043CFB1 /* Preview Assets.xcassets in Resources */ = {isa = PBXBuildFile; fileRef = 266E990B292B91A90043CFB1 /* Preview Assets.xcassets */; };
		266E9920292B91A90043CFB1 /* BreakingBadUITests.swift in Sources */ = {isa = PBXBuildFile; fileRef = 266E991F292B91A90043CFB1 /* BreakingBadUITests.swift */; };
		266E9922292B91A90043CFB1 /* BreakingBadUITestsLaunchTests.swift in Sources */ = {isa = PBXBuildFile; fileRef = 266E9921292B91A90043CFB1 /* BreakingBadUITestsLaunchTests.swift */; };
		266E9933292B93CC0043CFB1 /* Character.swift in Sources */ = {isa = PBXBuildFile; fileRef = 266E9932292B93CC0043CFB1 /* Character.swift */; };
		266E9935292B963A0043CFB1 /* CharactersViewModel.swift in Sources */ = {isa = PBXBuildFile; fileRef = 266E9934292B963A0043CFB1 /* CharactersViewModel.swift */; };
		266E9937292B96A40043CFB1 /* WebService.swift in Sources */ = {isa = PBXBuildFile; fileRef = 266E9936292B96A40043CFB1 /* WebService.swift */; };
		266E9939292B9AAB0043CFB1 /* CharacterDetailView.swift in Sources */ = {isa = PBXBuildFile; fileRef = 266E9938292B9AAB0043CFB1 /* CharacterDetailView.swift */; };
		266E993B292BCE5D0043CFB1 /* FavouritesService.swift in Sources */ = {isa = PBXBuildFile; fileRef = 266E993A292BCE5D0043CFB1 /* FavouritesService.swift */; };
		266E993D292C0DA90043CFB1 /* Endpoint.swift in Sources */ = {isa = PBXBuildFile; fileRef = 266E993C292C0DA90043CFB1 /* Endpoint.swift */; };
		26B0359A292C157E000ECCCA /* Quote.swift in Sources */ = {isa = PBXBuildFile; fileRef = 26B03599292C157E000ECCCA /* Quote.swift */; };
		26B0359C292C161D000ECCCA /* QuotesViewModel.swift in Sources */ = {isa = PBXBuildFile; fileRef = 26B0359B292C161D000ECCCA /* QuotesViewModel.swift */; };
		26B035A8292CD036000ECCCA /* CharacterRow.swift in Sources */ = {isa = PBXBuildFile; fileRef = 26B035A7292CD036000ECCCA /* CharacterRow.swift */; };
		26F042C0292CE0EA0076BC04 /* CharactersViewModelTest.swift in Sources */ = {isa = PBXBuildFile; fileRef = 26F042BF292CE0EA0076BC04 /* CharactersViewModelTest.swift */; };
/* End PBXBuildFile section */

/* Begin PBXContainerItemProxy section */
		266E9912292B91A90043CFB1 /* PBXContainerItemProxy */ = {
			isa = PBXContainerItemProxy;
			containerPortal = 266E98F8292B91A90043CFB1 /* Project object */;
			proxyType = 1;
			remoteGlobalIDString = 266E98FF292B91A90043CFB1;
			remoteInfo = BreakingBad;
		};
		266E991C292B91A90043CFB1 /* PBXContainerItemProxy */ = {
			isa = PBXContainerItemProxy;
			containerPortal = 266E98F8292B91A90043CFB1 /* Project object */;
			proxyType = 1;
			remoteGlobalIDString = 266E98FF292B91A90043CFB1;
			remoteInfo = BreakingBad;
		};
/* End PBXContainerItemProxy section */

/* Begin PBXFileReference section */
		266E9900292B91A90043CFB1 /* BreakingBad.app */ = {isa = PBXFileReference; explicitFileType = wrapper.application; includeInIndex = 0; path = BreakingBad.app; sourceTree = BUILT_PRODUCTS_DIR; };
		266E9903292B91A90043CFB1 /* BreakingBadApp.swift */ = {isa = PBXFileReference; lastKnownFileType = sourcecode.swift; path = BreakingBadApp.swift; sourceTree = "<group>"; };
		266E9905292B91A90043CFB1 /* CharactersView.swift */ = {isa = PBXFileReference; lastKnownFileType = sourcecode.swift; path = CharactersView.swift; sourceTree = "<group>"; };
		266E9907292B91A90043CFB1 /* Assets.xcassets */ = {isa = PBXFileReference; lastKnownFileType = folder.assetcatalog; path = Assets.xcassets; sourceTree = "<group>"; };
		266E9909292B91A90043CFB1 /* BreakingBad.entitlements */ = {isa = PBXFileReference; lastKnownFileType = text.plist.entitlements; path = BreakingBad.entitlements; sourceTree = "<group>"; };
		266E990B292B91A90043CFB1 /* Preview Assets.xcassets */ = {isa = PBXFileReference; lastKnownFileType = folder.assetcatalog; path = "Preview Assets.xcassets"; sourceTree = "<group>"; };
		266E9911292B91A90043CFB1 /* BreakingBadTests.xctest */ = {isa = PBXFileReference; explicitFileType = wrapper.cfbundle; includeInIndex = 0; path = BreakingBadTests.xctest; sourceTree = BUILT_PRODUCTS_DIR; };
		266E991B292B91A90043CFB1 /* BreakingBadUITests.xctest */ = {isa = PBXFileReference; explicitFileType = wrapper.cfbundle; includeInIndex = 0; path = BreakingBadUITests.xctest; sourceTree = BUILT_PRODUCTS_DIR; };
		266E991F292B91A90043CFB1 /* BreakingBadUITests.swift */ = {isa = PBXFileReference; lastKnownFileType = sourcecode.swift; path = BreakingBadUITests.swift; sourceTree = "<group>"; };
		266E9921292B91A90043CFB1 /* BreakingBadUITestsLaunchTests.swift */ = {isa = PBXFileReference; lastKnownFileType = sourcecode.swift; path = BreakingBadUITestsLaunchTests.swift; sourceTree = "<group>"; };
		266E9932292B93CC0043CFB1 /* Character.swift */ = {isa = PBXFileReference; lastKnownFileType = sourcecode.swift; path = Character.swift; sourceTree = "<group>"; };
		266E9934292B963A0043CFB1 /* CharactersViewModel.swift */ = {isa = PBXFileReference; lastKnownFileType = sourcecode.swift; path = CharactersViewModel.swift; sourceTree = "<group>"; };
		266E9936292B96A40043CFB1 /* WebService.swift */ = {isa = PBXFileReference; lastKnownFileType = sourcecode.swift; path = WebService.swift; sourceTree = "<group>"; };
		266E9938292B9AAB0043CFB1 /* CharacterDetailView.swift */ = {isa = PBXFileReference; lastKnownFileType = sourcecode.swift; path = CharacterDetailView.swift; sourceTree = "<group>"; };
		266E993A292BCE5D0043CFB1 /* FavouritesService.swift */ = {isa = PBXFileReference; lastKnownFileType = sourcecode.swift; path = FavouritesService.swift; sourceTree = "<group>"; };
		266E993C292C0DA90043CFB1 /* Endpoint.swift */ = {isa = PBXFileReference; lastKnownFileType = sourcecode.swift; path = Endpoint.swift; sourceTree = "<group>"; };
		26B03599292C157E000ECCCA /* Quote.swift */ = {isa = PBXFileReference; lastKnownFileType = sourcecode.swift; path = Quote.swift; sourceTree = "<group>"; };
		26B0359B292C161D000ECCCA /* QuotesViewModel.swift */ = {isa = PBXFileReference; lastKnownFileType = sourcecode.swift; path = QuotesViewModel.swift; sourceTree = "<group>"; };
		26B035A7292CD036000ECCCA /* CharacterRow.swift */ = {isa = PBXFileReference; lastKnownFileType = sourcecode.swift; path = CharacterRow.swift; sourceTree = "<group>"; };
		26F042BF292CE0EA0076BC04 /* CharactersViewModelTest.swift */ = {isa = PBXFileReference; lastKnownFileType = sourcecode.swift; path = CharactersViewModelTest.swift; sourceTree = "<group>"; };
		26F042C1292D0D040076BC04 /* QUESTIONS.md */ = {isa = PBXFileReference; lastKnownFileType = net.daringfireball.markdown; path = QUESTIONS.md; sourceTree = "<group>"; };
/* End PBXFileReference section */

/* Begin PBXFrameworksBuildPhase section */
		266E98FD292B91A90043CFB1 /* Frameworks */ = {
			isa = PBXFrameworksBuildPhase;
			buildActionMask = 2147483647;
			files = (
			);
			runOnlyForDeploymentPostprocessing = 0;
		};
		266E990E292B91A90043CFB1 /* Frameworks */ = {
			isa = PBXFrameworksBuildPhase;
			buildActionMask = 2147483647;
			files = (
			);
			runOnlyForDeploymentPostprocessing = 0;
		};
		266E9918292B91A90043CFB1 /* Frameworks */ = {
			isa = PBXFrameworksBuildPhase;
			buildActionMask = 2147483647;
			files = (
			);
			runOnlyForDeploymentPostprocessing = 0;
		};
/* End PBXFrameworksBuildPhase section */

/* Begin PBXGroup section */
		266E98F7292B91A90043CFB1 = {
			isa = PBXGroup;
			children = (
				26F042C1292D0D040076BC04 /* QUESTIONS.md */,
				266E9902292B91A90043CFB1 /* BreakingBad */,
				266E9914292B91A90043CFB1 /* BreakingBadTests */,
				266E991E292B91A90043CFB1 /* BreakingBadUITests */,
				266E9901292B91A90043CFB1 /* Products */,
			);
			sourceTree = "<group>";
		};
		266E9901292B91A90043CFB1 /* Products */ = {
			isa = PBXGroup;
			children = (
				266E9900292B91A90043CFB1 /* BreakingBad.app */,
				266E9911292B91A90043CFB1 /* BreakingBadTests.xctest */,
				266E991B292B91A90043CFB1 /* BreakingBadUITests.xctest */,
			);
			name = Products;
			sourceTree = "<group>";
		};
		266E9902292B91A90043CFB1 /* BreakingBad */ = {
			isa = PBXGroup;
			children = (
				26B0359E292CCF4E000ECCCA /* Features */,
				26B0359D292CCF46000ECCCA /* Core */,
				266E9903292B91A90043CFB1 /* BreakingBadApp.swift */,
				266E9907292B91A90043CFB1 /* Assets.xcassets */,
				266E9909292B91A90043CFB1 /* BreakingBad.entitlements */,
				266E990A292B91A90043CFB1 /* Preview Content */,
			);
			path = BreakingBad;
			sourceTree = "<group>";
		};
		266E990A292B91A90043CFB1 /* Preview Content */ = {
			isa = PBXGroup;
			children = (
				266E990B292B91A90043CFB1 /* Preview Assets.xcassets */,
			);
			path = "Preview Content";
			sourceTree = "<group>";
		};
		266E9914292B91A90043CFB1 /* BreakingBadTests */ = {
			isa = PBXGroup;
			children = (
				26B035A9292CE06E000ECCCA /* Features */,
			);
			path = BreakingBadTests;
			sourceTree = "<group>";
		};
		266E991E292B91A90043CFB1 /* BreakingBadUITests */ = {
			isa = PBXGroup;
			children = (
				266E991F292B91A90043CFB1 /* BreakingBadUITests.swift */,
				266E9921292B91A90043CFB1 /* BreakingBadUITestsLaunchTests.swift */,
			);
			path = BreakingBadUITests;
			sourceTree = "<group>";
		};
		266E9931292B93770043CFB1 /* Service */ = {
			isa = PBXGroup;
			children = (
				266E9936292B96A40043CFB1 /* WebService.swift */,
				266E993A292BCE5D0043CFB1 /* FavouritesService.swift */,
				266E993C292C0DA90043CFB1 /* Endpoint.swift */,
			);
			path = Service;
			sourceTree = "<group>";
		};
		26B0359D292CCF46000ECCCA /* Core */ = {
			isa = PBXGroup;
			children = (
				266E9931292B93770043CFB1 /* Service */,
			);
			path = Core;
			sourceTree = "<group>";
		};
		26B0359E292CCF4E000ECCCA /* Features */ = {
			isa = PBXGroup;
			children = (
				26B0359F292CCF6D000ECCCA /* Characters */,
				26B035A0292CCF82000ECCCA /* CharacterDetail */,
			);
			path = Features;
			sourceTree = "<group>";
		};
		26B0359F292CCF6D000ECCCA /* Characters */ = {
			isa = PBXGroup;
			children = (
				26B035A1292CCF96000ECCCA /* Model */,
				26B035A4292CCFAC000ECCCA /* ViewModel */,
				26B035A3292CCFA6000ECCCA /* View */,
			);
			path = Characters;
			sourceTree = "<group>";
		};
		26B035A0292CCF82000ECCCA /* CharacterDetail */ = {
			isa = PBXGroup;
			children = (
				26B035A2292CCF9E000ECCCA /* Model */,
				26B035A6292CCFC1000ECCCA /* ViewModel */,
				26B035A5292CCFBB000ECCCA /* View */,
			);
			path = CharacterDetail;
			sourceTree = "<group>";
		};
		26B035A1292CCF96000ECCCA /* Model */ = {
			isa = PBXGroup;
			children = (
				266E9932292B93CC0043CFB1 /* Character.swift */,
			);
			path = Model;
			sourceTree = "<group>";
		};
		26B035A2292CCF9E000ECCCA /* Model */ = {
			isa = PBXGroup;
			children = (
				26B03599292C157E000ECCCA /* Quote.swift */,
			);
			path = Model;
			sourceTree = "<group>";
		};
		26B035A3292CCFA6000ECCCA /* View */ = {
			isa = PBXGroup;
			children = (
				266E9905292B91A90043CFB1 /* CharactersView.swift */,
				26B035A7292CD036000ECCCA /* CharacterRow.swift */,
			);
			path = View;
			sourceTree = "<group>";
		};
		26B035A4292CCFAC000ECCCA /* ViewModel */ = {
			isa = PBXGroup;
			children = (
				266E9934292B963A0043CFB1 /* CharactersViewModel.swift */,
			);
			path = ViewModel;
			sourceTree = "<group>";
		};
		26B035A5292CCFBB000ECCCA /* View */ = {
			isa = PBXGroup;
			children = (
				266E9938292B9AAB0043CFB1 /* CharacterDetailView.swift */,
			);
			path = View;
			sourceTree = "<group>";
		};
		26B035A6292CCFC1000ECCCA /* ViewModel */ = {
			isa = PBXGroup;
			children = (
				26B0359B292C161D000ECCCA /* QuotesViewModel.swift */,
			);
			path = ViewModel;
			sourceTree = "<group>";
		};
		26B035A9292CE06E000ECCCA /* Features */ = {
			isa = PBXGroup;
			children = (
				26B035AA292CE07A000ECCCA /* Characters */,
			);
			path = Features;
			sourceTree = "<group>";
		};
		26B035AA292CE07A000ECCCA /* Characters */ = {
			isa = PBXGroup;
			children = (
				26B035AB292CE087000ECCCA /* ViewModel */,
			);
			path = Characters;
			sourceTree = "<group>";
		};
		26B035AB292CE087000ECCCA /* ViewModel */ = {
			isa = PBXGroup;
			children = (
				26F042BF292CE0EA0076BC04 /* CharactersViewModelTest.swift */,
			);
			path = ViewModel;
			sourceTree = "<group>";
		};
/* End PBXGroup section */

/* Begin PBXNativeTarget section */
		266E98FF292B91A90043CFB1 /* BreakingBad */ = {
			isa = PBXNativeTarget;
			buildConfigurationList = 266E9925292B91A90043CFB1 /* Build configuration list for PBXNativeTarget "BreakingBad" */;
			buildPhases = (
				266E98FC292B91A90043CFB1 /* Sources */,
				266E98FD292B91A90043CFB1 /* Frameworks */,
				266E98FE292B91A90043CFB1 /* Resources */,
			);
			buildRules = (
			);
			dependencies = (
			);
			name = BreakingBad;
			productName = BreakingBad;
			productReference = 266E9900292B91A90043CFB1 /* BreakingBad.app */;
			productType = "com.apple.product-type.application";
		};
		266E9910292B91A90043CFB1 /* BreakingBadTests */ = {
			isa = PBXNativeTarget;
			buildConfigurationList = 266E9928292B91A90043CFB1 /* Build configuration list for PBXNativeTarget "BreakingBadTests" */;
			buildPhases = (
				266E990D292B91A90043CFB1 /* Sources */,
				266E990E292B91A90043CFB1 /* Frameworks */,
				266E990F292B91A90043CFB1 /* Resources */,
			);
			buildRules = (
			);
			dependencies = (
				266E9913292B91A90043CFB1 /* PBXTargetDependency */,
			);
			name = BreakingBadTests;
			productName = BreakingBadTests;
			productReference = 266E9911292B91A90043CFB1 /* BreakingBadTests.xctest */;
			productType = "com.apple.product-type.bundle.unit-test";
		};
		266E991A292B91A90043CFB1 /* BreakingBadUITests */ = {
			isa = PBXNativeTarget;
			buildConfigurationList = 266E992B292B91A90043CFB1 /* Build configuration list for PBXNativeTarget "BreakingBadUITests" */;
			buildPhases = (
				266E9917292B91A90043CFB1 /* Sources */,
				266E9918292B91A90043CFB1 /* Frameworks */,
				266E9919292B91A90043CFB1 /* Resources */,
			);
			buildRules = (
			);
			dependencies = (
				266E991D292B91A90043CFB1 /* PBXTargetDependency */,
			);
			name = BreakingBadUITests;
			productName = BreakingBadUITests;
			productReference = 266E991B292B91A90043CFB1 /* BreakingBadUITests.xctest */;
			productType = "com.apple.product-type.bundle.ui-testing";
		};
/* End PBXNativeTarget section */

/* Begin PBXProject section */
		266E98F8292B91A90043CFB1 /* Project object */ = {
			isa = PBXProject;
			attributes = {
				BuildIndependentTargetsInParallel = 1;
				LastSwiftUpdateCheck = 1400;
				LastUpgradeCheck = 1400;
				TargetAttributes = {
					266E98FF292B91A90043CFB1 = {
						CreatedOnToolsVersion = 14.0.1;
					};
					266E9910292B91A90043CFB1 = {
						CreatedOnToolsVersion = 14.0.1;
						TestTargetID = 266E98FF292B91A90043CFB1;
					};
					266E991A292B91A90043CFB1 = {
						CreatedOnToolsVersion = 14.0.1;
						TestTargetID = 266E98FF292B91A90043CFB1;
					};
				};
			};
			buildConfigurationList = 266E98FB292B91A90043CFB1 /* Build configuration list for PBXProject "BreakingBad" */;
			compatibilityVersion = "Xcode 14.0";
			developmentRegion = en;
			hasScannedForEncodings = 0;
			knownRegions = (
				en,
				Base,
			);
			mainGroup = 266E98F7292B91A90043CFB1;
			productRefGroup = 266E9901292B91A90043CFB1 /* Products */;
			projectDirPath = "";
			projectRoot = "";
			targets = (
				266E98FF292B91A90043CFB1 /* BreakingBad */,
				266E9910292B91A90043CFB1 /* BreakingBadTests */,
				266E991A292B91A90043CFB1 /* BreakingBadUITests */,
			);
		};
/* End PBXProject section */

/* Begin PBXResourcesBuildPhase section */
		266E98FE292B91A90043CFB1 /* Resources */ = {
			isa = PBXResourcesBuildPhase;
			buildActionMask = 2147483647;
			files = (
				266E990C292B91A90043CFB1 /* Preview Assets.xcassets in Resources */,
				266E9908292B91A90043CFB1 /* Assets.xcassets in Resources */,
			);
			runOnlyForDeploymentPostprocessing = 0;
		};
		266E990F292B91A90043CFB1 /* Resources */ = {
			isa = PBXResourcesBuildPhase;
			buildActionMask = 2147483647;
			files = (
			);
			runOnlyForDeploymentPostprocessing = 0;
		};
		266E9919292B91A90043CFB1 /* Resources */ = {
			isa = PBXResourcesBuildPhase;
			buildActionMask = 2147483647;
			files = (
			);
			runOnlyForDeploymentPostprocessing = 0;
		};
/* End PBXResourcesBuildPhase section */

/* Begin PBXSourcesBuildPhase section */
		266E98FC292B91A90043CFB1 /* Sources */ = {
			isa = PBXSourcesBuildPhase;
			buildActionMask = 2147483647;
			files = (
				26B035A8292CD036000ECCCA /* CharacterRow.swift in Sources */,
				266E9935292B963A0043CFB1 /* CharactersViewModel.swift in Sources */,
				266E9933292B93CC0043CFB1 /* Character.swift in Sources */,
				266E993D292C0DA90043CFB1 /* Endpoint.swift in Sources */,
				26B0359C292C161D000ECCCA /* QuotesViewModel.swift in Sources */,
				266E9906292B91A90043CFB1 /* CharactersView.swift in Sources */,
				26B0359A292C157E000ECCCA /* Quote.swift in Sources */,
				266E9939292B9AAB0043CFB1 /* CharacterDetailView.swift in Sources */,
				266E9937292B96A40043CFB1 /* WebService.swift in Sources */,
				266E9904292B91A90043CFB1 /* BreakingBadApp.swift in Sources */,
				266E993B292BCE5D0043CFB1 /* FavouritesService.swift in Sources */,
			);
			runOnlyForDeploymentPostprocessing = 0;
		};
		266E990D292B91A90043CFB1 /* Sources */ = {
			isa = PBXSourcesBuildPhase;
			buildActionMask = 2147483647;
			files = (
				26F042C0292CE0EA0076BC04 /* CharactersViewModelTest.swift in Sources */,
			);
			runOnlyForDeploymentPostprocessing = 0;
		};
		266E9917292B91A90043CFB1 /* Sources */ = {
			isa = PBXSourcesBuildPhase;
			buildActionMask = 2147483647;
			files = (
				266E9920292B91A90043CFB1 /* BreakingBadUITests.swift in Sources */,
				266E9922292B91A90043CFB1 /* BreakingBadUITestsLaunchTests.swift in Sources */,
			);
			runOnlyForDeploymentPostprocessing = 0;
		};
/* End PBXSourcesBuildPhase section */

/* Begin PBXTargetDependency section */
		266E9913292B91A90043CFB1 /* PBXTargetDependency */ = {
			isa = PBXTargetDependency;
			target = 266E98FF292B91A90043CFB1 /* BreakingBad */;
			targetProxy = 266E9912292B91A90043CFB1 /* PBXContainerItemProxy */;
		};
		266E991D292B91A90043CFB1 /* PBXTargetDependency */ = {
			isa = PBXTargetDependency;
			target = 266E98FF292B91A90043CFB1 /* BreakingBad */;
			targetProxy = 266E991C292B91A90043CFB1 /* PBXContainerItemProxy */;
		};
/* End PBXTargetDependency section */

/* Begin XCBuildConfiguration section */
		266E9923292B91A90043CFB1 /* Debug */ = {
			isa = XCBuildConfiguration;
			buildSettings = {
				ALWAYS_SEARCH_USER_PATHS = NO;
				CLANG_ANALYZER_NONNULL = YES;
				CLANG_ANALYZER_NUMBER_OBJECT_CONVERSION = YES_AGGRESSIVE;
				CLANG_CXX_LANGUAGE_STANDARD = "gnu++20";
				CLANG_ENABLE_MODULES = YES;
				CLANG_ENABLE_OBJC_ARC = YES;
				CLANG_ENABLE_OBJC_WEAK = YES;
				CLANG_WARN_BLOCK_CAPTURE_AUTORELEASING = YES;
				CLANG_WARN_BOOL_CONVERSION = YES;
				CLANG_WARN_COMMA = YES;
				CLANG_WARN_CONSTANT_CONVERSION = YES;
				CLANG_WARN_DEPRECATED_OBJC_IMPLEMENTATIONS = YES;
				CLANG_WARN_DIRECT_OBJC_ISA_USAGE = YES_ERROR;
				CLANG_WARN_DOCUMENTATION_COMMENTS = YES;
				CLANG_WARN_EMPTY_BODY = YES;
				CLANG_WARN_ENUM_CONVERSION = YES;
				CLANG_WARN_INFINITE_RECURSION = YES;
				CLANG_WARN_INT_CONVERSION = YES;
				CLANG_WARN_NON_LITERAL_NULL_CONVERSION = YES;
				CLANG_WARN_OBJC_IMPLICIT_RETAIN_SELF = YES;
				CLANG_WARN_OBJC_LITERAL_CONVERSION = YES;
				CLANG_WARN_OBJC_ROOT_CLASS = YES_ERROR;
				CLANG_WARN_QUOTED_INCLUDE_IN_FRAMEWORK_HEADER = YES;
				CLANG_WARN_RANGE_LOOP_ANALYSIS = YES;
				CLANG_WARN_STRICT_PROTOTYPES = YES;
				CLANG_WARN_SUSPICIOUS_MOVE = YES;
				CLANG_WARN_UNGUARDED_AVAILABILITY = YES_AGGRESSIVE;
				CLANG_WARN_UNREACHABLE_CODE = YES;
				CLANG_WARN__DUPLICATE_METHOD_MATCH = YES;
				COPY_PHASE_STRIP = NO;
				DEBUG_INFORMATION_FORMAT = dwarf;
				ENABLE_STRICT_OBJC_MSGSEND = YES;
				ENABLE_TESTABILITY = YES;
				GCC_C_LANGUAGE_STANDARD = gnu11;
				GCC_DYNAMIC_NO_PIC = NO;
				GCC_NO_COMMON_BLOCKS = YES;
				GCC_OPTIMIZATION_LEVEL = 0;
				GCC_PREPROCESSOR_DEFINITIONS = (
					"DEBUG=1",
					"$(inherited)",
				);
				GCC_WARN_64_TO_32_BIT_CONVERSION = YES;
				GCC_WARN_ABOUT_RETURN_TYPE = YES_ERROR;
				GCC_WARN_UNDECLARED_SELECTOR = YES;
				GCC_WARN_UNINITIALIZED_AUTOS = YES_AGGRESSIVE;
				GCC_WARN_UNUSED_FUNCTION = YES;
				GCC_WARN_UNUSED_VARIABLE = YES;
				MTL_ENABLE_DEBUG_INFO = INCLUDE_SOURCE;
				MTL_FAST_MATH = YES;
				ONLY_ACTIVE_ARCH = YES;
				SWIFT_ACTIVE_COMPILATION_CONDITIONS = DEBUG;
				SWIFT_OPTIMIZATION_LEVEL = "-Onone";
			};
			name = Debug;
		};
		266E9924292B91A90043CFB1 /* Release */ = {
			isa = XCBuildConfiguration;
			buildSettings = {
				ALWAYS_SEARCH_USER_PATHS = NO;
				CLANG_ANALYZER_NONNULL = YES;
				CLANG_ANALYZER_NUMBER_OBJECT_CONVERSION = YES_AGGRESSIVE;
				CLANG_CXX_LANGUAGE_STANDARD = "gnu++20";
				CLANG_ENABLE_MODULES = YES;
				CLANG_ENABLE_OBJC_ARC = YES;
				CLANG_ENABLE_OBJC_WEAK = YES;
				CLANG_WARN_BLOCK_CAPTURE_AUTORELEASING = YES;
				CLANG_WARN_BOOL_CONVERSION = YES;
				CLANG_WARN_COMMA = YES;
				CLANG_WARN_CONSTANT_CONVERSION = YES;
				CLANG_WARN_DEPRECATED_OBJC_IMPLEMENTATIONS = YES;
				CLANG_WARN_DIRECT_OBJC_ISA_USAGE = YES_ERROR;
				CLANG_WARN_DOCUMENTATION_COMMENTS = YES;
				CLANG_WARN_EMPTY_BODY = YES;
				CLANG_WARN_ENUM_CONVERSION = YES;
				CLANG_WARN_INFINITE_RECURSION = YES;
				CLANG_WARN_INT_CONVERSION = YES;
				CLANG_WARN_NON_LITERAL_NULL_CONVERSION = YES;
				CLANG_WARN_OBJC_IMPLICIT_RETAIN_SELF = YES;
				CLANG_WARN_OBJC_LITERAL_CONVERSION = YES;
				CLANG_WARN_OBJC_ROOT_CLASS = YES_ERROR;
				CLANG_WARN_QUOTED_INCLUDE_IN_FRAMEWORK_HEADER = YES;
				CLANG_WARN_RANGE_LOOP_ANALYSIS = YES;
				CLANG_WARN_STRICT_PROTOTYPES = YES;
				CLANG_WARN_SUSPICIOUS_MOVE = YES;
				CLANG_WARN_UNGUARDED_AVAILABILITY = YES_AGGRESSIVE;
				CLANG_WARN_UNREACHABLE_CODE = YES;
				CLANG_WARN__DUPLICATE_METHOD_MATCH = YES;
				COPY_PHASE_STRIP = NO;
				DEBUG_INFORMATION_FORMAT = "dwarf-with-dsym";
				ENABLE_NS_ASSERTIONS = NO;
				ENABLE_STRICT_OBJC_MSGSEND = YES;
				GCC_C_LANGUAGE_STANDARD = gnu11;
				GCC_NO_COMMON_BLOCKS = YES;
				GCC_WARN_64_TO_32_BIT_CONVERSION = YES;
				GCC_WARN_ABOUT_RETURN_TYPE = YES_ERROR;
				GCC_WARN_UNDECLARED_SELECTOR = YES;
				GCC_WARN_UNINITIALIZED_AUTOS = YES_AGGRESSIVE;
				GCC_WARN_UNUSED_FUNCTION = YES;
				GCC_WARN_UNUSED_VARIABLE = YES;
				MTL_ENABLE_DEBUG_INFO = NO;
				MTL_FAST_MATH = YES;
				SWIFT_COMPILATION_MODE = wholemodule;
				SWIFT_OPTIMIZATION_LEVEL = "-O";
			};
			name = Release;
		};
		266E9926292B91A90043CFB1 /* Debug */ = {
			isa = XCBuildConfiguration;
			buildSettings = {
				ASSETCATALOG_COMPILER_APPICON_NAME = AppIcon;
				ASSETCATALOG_COMPILER_GLOBAL_ACCENT_COLOR_NAME = AccentColor;
				CODE_SIGN_ENTITLEMENTS = BreakingBad/BreakingBad.entitlements;
				CODE_SIGN_STYLE = Automatic;
				CURRENT_PROJECT_VERSION = 1;
				DEVELOPMENT_ASSET_PATHS = "\"BreakingBad/Preview Content\"";
				ENABLE_PREVIEWS = YES;
				GENERATE_INFOPLIST_FILE = YES;
				"INFOPLIST_KEY_UIApplicationSceneManifest_Generation[sdk=iphoneos*]" = YES;
				"INFOPLIST_KEY_UIApplicationSceneManifest_Generation[sdk=iphonesimulator*]" = YES;
				"INFOPLIST_KEY_UIApplicationSupportsIndirectInputEvents[sdk=iphoneos*]" = YES;
				"INFOPLIST_KEY_UIApplicationSupportsIndirectInputEvents[sdk=iphonesimulator*]" = YES;
				"INFOPLIST_KEY_UILaunchScreen_Generation[sdk=iphoneos*]" = YES;
				"INFOPLIST_KEY_UILaunchScreen_Generation[sdk=iphonesimulator*]" = YES;
				"INFOPLIST_KEY_UIStatusBarStyle[sdk=iphoneos*]" = UIStatusBarStyleDefault;
				"INFOPLIST_KEY_UIStatusBarStyle[sdk=iphonesimulator*]" = UIStatusBarStyleDefault;
				INFOPLIST_KEY_UISupportedInterfaceOrientations = UIInterfaceOrientationPortrait;
				INFOPLIST_KEY_UISupportedInterfaceOrientations_iPad = "UIInterfaceOrientationLandscapeLeft UIInterfaceOrientationLandscapeRight UIInterfaceOrientationPortrait UIInterfaceOrientationPortraitUpsideDown";
				IPHONEOS_DEPLOYMENT_TARGET = 16.0;
				LD_RUNPATH_SEARCH_PATHS = "@executable_path/Frameworks";
				"LD_RUNPATH_SEARCH_PATHS[sdk=macosx*]" = "@executable_path/../Frameworks";
				MACOSX_DEPLOYMENT_TARGET = 12.3;
				MARKETING_VERSION = 1.0;
				PRODUCT_BUNDLE_IDENTIFIER = uk.custombytes.BreakingBad;
				PRODUCT_NAME = "$(TARGET_NAME)";
				SDKROOT = auto;
				SUPPORTED_PLATFORMS = "iphoneos iphonesimulator";
				SUPPORTS_MACCATALYST = NO;
				SUPPORTS_MAC_DESIGNED_FOR_IPHONE_IPAD = NO;
				SWIFT_EMIT_LOC_STRINGS = YES;
				SWIFT_VERSION = 5.0;
				TARGETED_DEVICE_FAMILY = 1;
			};
			name = Debug;
		};
		266E9927292B91A90043CFB1 /* Release */ = {
			isa = XCBuildConfiguration;
			buildSettings = {
				ASSETCATALOG_COMPILER_APPICON_NAME = AppIcon;
				ASSETCATALOG_COMPILER_GLOBAL_ACCENT_COLOR_NAME = AccentColor;
				CODE_SIGN_ENTITLEMENTS = BreakingBad/BreakingBad.entitlements;
				CODE_SIGN_STYLE = Automatic;
				CURRENT_PROJECT_VERSION = 1;
				DEVELOPMENT_ASSET_PATHS = "\"BreakingBad/Preview Content\"";
				ENABLE_PREVIEWS = YES;
				GENERATE_INFOPLIST_FILE = YES;
				"INFOPLIST_KEY_UIApplicationSceneManifest_Generation[sdk=iphoneos*]" = YES;
				"INFOPLIST_KEY_UIApplicationSceneManifest_Generation[sdk=iphonesimulator*]" = YES;
				"INFOPLIST_KEY_UIApplicationSupportsIndirectInputEvents[sdk=iphoneos*]" = YES;
				"INFOPLIST_KEY_UIApplicationSupportsIndirectInputEvents[sdk=iphonesimulator*]" = YES;
				"INFOPLIST_KEY_UILaunchScreen_Generation[sdk=iphoneos*]" = YES;
				"INFOPLIST_KEY_UILaunchScreen_Generation[sdk=iphonesimulator*]" = YES;
				"INFOPLIST_KEY_UIStatusBarStyle[sdk=iphoneos*]" = UIStatusBarStyleDefault;
				"INFOPLIST_KEY_UIStatusBarStyle[sdk=iphonesimulator*]" = UIStatusBarStyleDefault;
				INFOPLIST_KEY_UISupportedInterfaceOrientations = UIInterfaceOrientationPortrait;
				INFOPLIST_KEY_UISupportedInterfaceOrientations_iPad = "UIInterfaceOrientationLandscapeLeft UIInterfaceOrientationLandscapeRight UIInterfaceOrientationPortrait UIInterfaceOrientationPortraitUpsideDown";
				IPHONEOS_DEPLOYMENT_TARGET = 16.0;
				LD_RUNPATH_SEARCH_PATHS = "@executable_path/Frameworks";
				"LD_RUNPATH_SEARCH_PATHS[sdk=macosx*]" = "@executable_path/../Frameworks";
				MACOSX_DEPLOYMENT_TARGET = 12.3;
				MARKETING_VERSION = 1.0;
				PRODUCT_BUNDLE_IDENTIFIER = uk.custombytes.BreakingBad;
				PRODUCT_NAME = "$(TARGET_NAME)";
				SDKROOT = auto;
				SUPPORTED_PLATFORMS = "iphoneos iphonesimulator";
				SUPPORTS_MACCATALYST = NO;
				SUPPORTS_MAC_DESIGNED_FOR_IPHONE_IPAD = NO;
				SWIFT_EMIT_LOC_STRINGS = YES;
				SWIFT_VERSION = 5.0;
				TARGETED_DEVICE_FAMILY = 1;
			};
			name = Release;
		};
		266E9929292B91A90043CFB1 /* Debug */ = {
			isa = XCBuildConfiguration;
			buildSettings = {
				ALWAYS_EMBED_SWIFT_STANDARD_LIBRARIES = YES;
				BUNDLE_LOADER = "$(TEST_HOST)";
				CODE_SIGN_STYLE = Automatic;
				CURRENT_PROJECT_VERSION = 1;
				GENERATE_INFOPLIST_FILE = YES;
				IPHONEOS_DEPLOYMENT_TARGET = 16.0;
				MACOSX_DEPLOYMENT_TARGET = 12.3;
				MARKETING_VERSION = 1.0;
				PRODUCT_BUNDLE_IDENTIFIER = uk.custombytes.BreakingBadTests;
				PRODUCT_NAME = "$(TARGET_NAME)";
				SDKROOT = auto;
				SUPPORTED_PLATFORMS = "iphoneos iphonesimulator macosx";
				SWIFT_EMIT_LOC_STRINGS = NO;
				SWIFT_VERSION = 5.0;
				TARGETED_DEVICE_FAMILY = "1,2";
				TEST_HOST = "$(BUILT_PRODUCTS_DIR)/BreakingBad.app/$(BUNDLE_EXECUTABLE_FOLDER_PATH)/BreakingBad";
			};
			name = Debug;
		};
		266E992A292B91A90043CFB1 /* Release */ = {
			isa = XCBuildConfiguration;
			buildSettings = {
				ALWAYS_EMBED_SWIFT_STANDARD_LIBRARIES = YES;
				BUNDLE_LOADER = "$(TEST_HOST)";
				CODE_SIGN_STYLE = Automatic;
				CURRENT_PROJECT_VERSION = 1;
				GENERATE_INFOPLIST_FILE = YES;
				IPHONEOS_DEPLOYMENT_TARGET = 16.0;
				MACOSX_DEPLOYMENT_TARGET = 12.3;
				MARKETING_VERSION = 1.0;
				PRODUCT_BUNDLE_IDENTIFIER = uk.custombytes.BreakingBadTests;
				PRODUCT_NAME = "$(TARGET_NAME)";
				SDKROOT = auto;
				SUPPORTED_PLATFORMS = "iphoneos iphonesimulator macosx";
				SWIFT_EMIT_LOC_STRINGS = NO;
				SWIFT_VERSION = 5.0;
				TARGETED_DEVICE_FAMILY = "1,2";
				TEST_HOST = "$(BUILT_PRODUCTS_DIR)/BreakingBad.app/$(BUNDLE_EXECUTABLE_FOLDER_PATH)/BreakingBad";
			};
			name = Release;
		};
		266E992C292B91A90043CFB1 /* Debug */ = {
			isa = XCBuildConfiguration;
			buildSettings = {
				ALWAYS_EMBED_SWIFT_STANDARD_LIBRARIES = YES;
				CODE_SIGN_STYLE = Automatic;
				CURRENT_PROJECT_VERSION = 1;
				GENERATE_INFOPLIST_FILE = YES;
				IPHONEOS_DEPLOYMENT_TARGET = 16.0;
				MACOSX_DEPLOYMENT_TARGET = 12.3;
				MARKETING_VERSION = 1.0;
				PRODUCT_BUNDLE_IDENTIFIER = uk.custombytes.BreakingBadUITests;
				PRODUCT_NAME = "$(TARGET_NAME)";
				SDKROOT = auto;
				SUPPORTED_PLATFORMS = "iphoneos iphonesimulator macosx";
				SWIFT_EMIT_LOC_STRINGS = NO;
				SWIFT_VERSION = 5.0;
				TARGETED_DEVICE_FAMILY = "1,2";
				TEST_TARGET_NAME = BreakingBad;
			};
			name = Debug;
		};
		266E992D292B91A90043CFB1 /* Release */ = {
			isa = XCBuildConfiguration;
			buildSettings = {
				ALWAYS_EMBED_SWIFT_STANDARD_LIBRARIES = YES;
				CODE_SIGN_STYLE = Automatic;
				CURRENT_PROJECT_VERSION = 1;
				GENERATE_INFOPLIST_FILE = YES;
				IPHONEOS_DEPLOYMENT_TARGET = 16.0;
				MACOSX_DEPLOYMENT_TARGET = 12.3;
				MARKETING_VERSION = 1.0;
				PRODUCT_BUNDLE_IDENTIFIER = uk.custombytes.BreakingBadUITests;
				PRODUCT_NAME = "$(TARGET_NAME)";
				SDKROOT = auto;
				SUPPORTED_PLATFORMS = "iphoneos iphonesimulator macosx";
				SWIFT_EMIT_LOC_STRINGS = NO;
				SWIFT_VERSION = 5.0;
				TARGETED_DEVICE_FAMILY = "1,2";
				TEST_TARGET_NAME = BreakingBad;
			};
			name = Release;
		};
/* End XCBuildConfiguration section */

/* Begin XCConfigurationList section */
		266E98FB292B91A90043CFB1 /* Build configuration list for PBXProject "BreakingBad" */ = {
			isa = XCConfigurationList;
			buildConfigurations = (
				266E9923292B91A90043CFB1 /* Debug */,
				266E9924292B91A90043CFB1 /* Release */,
			);
			defaultConfigurationIsVisible = 0;
			defaultConfigurationName = Release;
		};
		266E9925292B91A90043CFB1 /* Build configuration list for PBXNativeTarget "BreakingBad" */ = {
			isa = XCConfigurationList;
			buildConfigurations = (
				266E9926292B91A90043CFB1 /* Debug */,
				266E9927292B91A90043CFB1 /* Release */,
			);
			defaultConfigurationIsVisible = 0;
			defaultConfigurationName = Release;
		};
		266E9928292B91A90043CFB1 /* Build configuration list for PBXNativeTarget "BreakingBadTests" */ = {
			isa = XCConfigurationList;
			buildConfigurations = (
				266E9929292B91A90043CFB1 /* Debug */,
				266E992A292B91A90043CFB1 /* Release */,
			);
			defaultConfigurationIsVisible = 0;
			defaultConfigurationName = Release;
		};
		266E992B292B91A90043CFB1 /* Build configuration list for PBXNativeTarget "BreakingBadUITests" */ = {
			isa = XCConfigurationList;
			buildConfigurations = (
				266E992C292B91A90043CFB1 /* Debug */,
				266E992D292B91A90043CFB1 /* Release */,
			);
			defaultConfigurationIsVisible = 0;
			defaultConfigurationName = Release;
		};
/* End XCConfigurationList section */
	};
	rootObject = 266E98F8292B91A90043CFB1 /* Project object */;
}
